
Microsoft Visual Studio Solution File, Format Version 12.00
# Visual Studio Version 17
VisualStudioVersion = 17.10.35027.167
MinimumVisualStudioVersion = 10.0.40219.1
Project("{9A19103F-16F7-4668-BE54-9A1E7A4F7556}") = "user-crud", "user-crud.csproj", "{321F31F8-2BD2-4AA0-854B-DCE933C9E837}"
EndProject
Global
	GlobalSection(SolutionConfigurationPlatforms) = preSolution
		Debug|Any CPU = Debug|Any CPU
		Release|Any CPU = Release|Any CPU
	EndGlobalSection
	GlobalSection(ProjectConfigurationPlatforms) = postSolution
		{321F31F8-2BD2-4AA0-854B-DCE933C9E837}.Debug|Any CPU.ActiveCfg = Debug|Any CPU
		{321F31F8-2BD2-4AA0-854B-DCE933C9E837}.Debug|Any CPU.Build.0 = Debug|Any CPU
		{321F31F8-2BD2-4AA0-854B-DCE933C9E837}.Release|Any CPU.ActiveCfg = Release|Any CPU
		{321F31F8-2BD2-4AA0-854B-DCE933C9E837}.Release|Any CPU.Build.0 = Release|Any CPU
	EndGlobalSection
	GlobalSection(SolutionProperties) = preSolution
		HideSolutionNode = FALSE
	EndGlobalSection
	GlobalSection(ExtensibilityGlobals) = postSolution
		SolutionGuid = {2DF7C101-9AFA-42DB-B2B7-79FF172A7507}
	EndGlobalSection
EndGlobal
